Microsoft Visual Studio Solution File, Format Version 12.00
# Visual Studio 2013
VisualStudioVersion = 12.0.30501.0
MinimumVisualStudioVersion = 10.0.40219.1
Project("{FAE04EC0-301F-11D3-BF4B-00C04F79EFBC}") = "test", "test\test.csproj", "{16DE147F-9AC4-4F2B-8685-F913BDA58AC1}"
EndProject
Global
	GlobalSection(SolutionConfigurationPlatforms) = preSolution
		Debug|anycpu = Debug|anycpu
		Release|anycpu = Release|anycpu
	EndGlobalSection
	GlobalSection(ProjectConfigurationPlatforms) = postSolution
		{16DE147F-9AC4-4F2B-8685-F913BDA58AC1}.Debug|anycpu.ActiveCfg = Debug|Any CPU
		{16DE147F-9AC4-4F2B-8685-F913BDA58AC1}.Debug|anycpu.Build.0 = Debug|Any CPU
		{16DE147F-9AC4-4F2B-8685-F913BDA58AC1}.Release|anycpu.ActiveCfg = Release|Any CPU
		{16DE147F-9AC4-4F2B-8685-F913BDA58AC1}.Release|anycpu.Build.0 = Release|Any CPU
	EndGlobalSection
	GlobalSection(SolutionProperties) = preSolution
		HideSolutionNode = FALSE
	EndGlobalSection
EndGlobal
